// !$*UTF8*$!
{
	archiveVersion = 1;
	classes = {
	};
	objectVersion = 46;
	objects = {

/* Begin PBXBuildFile section */
		5F17C95A1B7B09C9007A1D7F /* AppDelegate.swift in Sources */ = {isa = PBXBuildFile; fileRef = 5F17C9591B7B09C9007A1D7F /* AppDelegate.swift */; };
		5F17C95C1B7B09C9007A1D7F /* Assets.xcassets in Resources */ = {isa = PBXBuildFile; fileRef = 5F17C95B1B7B09C9007A1D7F /* Assets.xcassets */; };
		5F17C95F1B7B09C9007A1D7F /* MainMenu.xib in Resources */ = {isa = PBXBuildFile; fileRef = 5F17C95D1B7B09C9007A1D7F /* MainMenu.xib */; };
		5F17C9691B7B0BC4007A1D7F /* NSData+Emojicode.swift in Sources */ = {isa = PBXBuildFile; fileRef = 5F17C9681B7B0BC4007A1D7F /* NSData+Emojicode.swift */; };
/* End PBXBuildFile section */

/* Begin PBXFileReference section */
		5F17C9561B7B09C9007A1D7F /* Emojicode.app */ = {isa = PBXFileReference; explicitFileType = wrapper.application; includeInIndex = 0; path = Emojicode.app; sourceTree = BUILT_PRODUCTS_DIR; };
		5F17C9591B7B09C9007A1D7F /* AppDelegate.swift */ = {isa = PBXFileReference; lastKnownFileType = sourcecode.swift; path = AppDelegate.swift; sourceTree = "<group>"; };
		5F17C95B1B7B09C9007A1D7F /* Assets.xcassets */ = {isa = PBXFileReference; lastKnownFileType = folder.assetcatalog; path = Assets.xcassets; sourceTree = "<group>"; };
		5F17C95E1B7B09C9007A1D7F /* Base */ = {isa = PBXFileReference; lastKnownFileType = file.xib; name = Base; path = Base.lproj/MainMenu.xib; sourceTree = "<group>"; };
		5F17C9601B7B09C9007A1D7F /* Info.plist */ = {isa = PBXFileReference; lastKnownFileType = text.plist.xml; path = Info.plist; sourceTree = "<group>"; };
		5F17C9681B7B0BC4007A1D7F /* NSData+Emojicode.swift */ = {isa = PBXFileReference; fileEncoding = 4; lastKnownFileType = sourcecode.swift; path = "NSData+Emojicode.swift"; sourceTree = "<group>"; };
/* End PBXFileReference section */

/* Begin PBXFrameworksBuildPhase section */
		5F17C9531B7B09C9007A1D7F /* Frameworks */ = {
			isa = PBXFrameworksBuildPhase;
			buildActionMask = 2147483647;
			files = (
			);
			runOnlyForDeploymentPostprocessing = 0;
		};
/* End PBXFrameworksBuildPhase section */

/* Begin PBXGroup section */
		5F17C94D1B7B09C9007A1D7F = {
			isa = PBXGroup;
			children = (
				5F17C9581B7B09C9007A1D7F /* BaseEmoji */,
				5F17C9571B7B09C9007A1D7F /* Products */,
			);
			sourceTree = "<group>";
		};
		5F17C9571B7B09C9007A1D7F /* Products */ = {
			isa = PBXGroup;
			children = (
				5F17C9561B7B09C9007A1D7F /* Emojicode.app */,
			);
			name = Products;
			sourceTree = "<group>";
		};
		5F17C9581B7B09C9007A1D7F /* BaseEmoji */ = {
			isa = PBXGroup;
			children = (
				5F17C9591B7B09C9007A1D7F /* AppDelegate.swift */,
				5F17C9681B7B0BC4007A1D7F /* NSData+Emojicode.swift */,
				5F17C95B1B7B09C9007A1D7F /* Assets.xcassets */,
				5F17C95D1B7B09C9007A1D7F /* MainMenu.xib */,
				5F17C9601B7B09C9007A1D7F /* Info.plist */,
			);
			path = BaseEmoji;
			sourceTree = "<group>";
		};
/* End PBXGroup section */

/* Begin PBXNativeTarget section */
		5F17C9551B7B09C9007A1D7F /* Emojicode */ = {
			isa = PBXNativeTarget;
			buildConfigurationList = 5F17C9631B7B09C9007A1D7F /* Build configuration list for PBXNativeTarget "Emojicode" */;
			buildPhases = (
				5F17C9521B7B09C9007A1D7F /* Sources */,
				5F17C9531B7B09C9007A1D7F /* Frameworks */,
				5F17C9541B7B09C9007A1D7F /* Resources */,
			);
			buildRules = (
			);
			dependencies = (
			);
			name = Emojicode;
			productName = BaseEmoji;
			productReference = 5F17C9561B7B09C9007A1D7F /* Emojicode.app */;
			productType = "com.apple.product-type.application";
		};
/* End PBXNativeTarget section */

/* Begin PBXProject section */
		5F17C94E1B7B09C9007A1D7F /* Project object */ = {
			isa = PBXProject;
			attributes = {
				LastUpgradeCheck = 0700;
				ORGANIZATIONNAME = "Nate Parrott";
				TargetAttributes = {
					5F17C9551B7B09C9007A1D7F = {
						CreatedOnToolsVersion = 7.0;
					};
				};
			};
			buildConfigurationList = 5F17C9511B7B09C9007A1D7F /* Build configuration list for PBXProject "Emojicode" */;
			compatibilityVersion = "Xcode 3.2";
			developmentRegion = English;
			hasScannedForEncodings = 0;
			knownRegions = (
				en,
				Base,
			);
			mainGroup = 5F17C94D1B7B09C9007A1D7F;
			productRefGroup = 5F17C9571B7B09C9007A1D7F /* Products */;
			projectDirPath = "";
			projectRoot = "";
			targets = (
				5F17C9551B7B09C9007A1D7F /* Emojicode */,
			);
		};
/* End PBXProject section */

/* Begin PBXResourcesBuildPhase section */
		5F17C9541B7B09C9007A1D7F /* Resources */ = {
			isa = PBXResourcesBuildPhase;
			buildActionMask = 2147483647;
			files = (
				5F17C95C1B7B09C9007A1D7F /* Assets.xcassets in Resources */,
				5F17C95F1B7B09C9007A1D7F /* MainMenu.xib in Resources */,
			);
			runOnlyForDeploymentPostprocessing = 0;
		};
/* End PBXResourcesBuildPhase section */

/* Begin PBXSourcesBuildPhase section */
		5F17C9521B7B09C9007A1D7F /* Sources */ = {
			isa = PBXSourcesBuildPhase;
			buildActionMask = 2147483647;
			files = (
				5F17C9691B7B0BC4007A1D7F /* NSData+Emojicode.swift in Sources */,
				5F17C95A1B7B09C9007A1D7F /* AppDelegate.swift in Sources */,
			);
			runOnlyForDeploymentPostprocessing = 0;
		};
/* End PBXSourcesBuildPhase section */

/* Begin PBXVariantGroup section */
		5F17C95D1B7B09C9007A1D7F /* MainMenu.xib */ = {
			isa = PBXVariantGroup;
			children = (
				5F17C95E1B7B09C9007A1D7F /* Base */,
			);
			name = MainMenu.xib;
			sourceTree = "<group>";
		};
/* End PBXVariantGroup section */

/* Begin XCBuildConfiguration section */
		5F17C9611B7B09C9007A1D7F /* Debug */ = {
			isa = XCBuildConfiguration;
			buildSettings = {
				ALWAYS_SEARCH_USER_PATHS = NO;
				CLANG_CXX_LANGUAGE_STANDARD = "gnu++0x";
				CLANG_CXX_LIBRARY = "libc++";
				CLANG_ENABLE_MODULES = YES;
				CLANG_ENABLE_OBJC_ARC = YES;
				CLANG_WARN_BOOL_CONVERSION = YES;
				CLANG_WARN_CONSTANT_CONVERSION = YES;
				CLANG_WARN_DIRECT_OBJC_ISA_USAGE = YES_ERROR;
				CLANG_WARN_EMPTY_BODY = YES;
				CLANG_WARN_ENUM_CONVERSION = YES;
				CLANG_WARN_INT_CONVERSION = YES;
				CLANG_WARN_OBJC_ROOT_CLASS = YES_ERROR;
				CLANG_WARN_UNREACHABLE_CODE = YES;
				CLANG_WARN__DUPLICATE_METHOD_MATCH = YES;
				CODE_SIGN_IDENTITY = "-";
				COPY_PHASE_STRIP = NO;
				DEBUG_INFORMATION_FORMAT = dwarf;
				ENABLE_STRICT_OBJC_MSGSEND = YES;
				ENABLE_TESTABILITY = YES;
				GCC_C_LANGUAGE_STANDARD = gnu99;
				GCC_DYNAMIC_NO_PIC = NO;
				GCC_NO_COMMON_BLOCKS = YES;
				GCC_OPTIMIZATION_LEVEL = 0;
				GCC_PREPROCESSOR_DEFINITIONS = (
					"DEBUG=1",
					"$(inherited)",
				);
				GCC_WARN_64_TO_32_BIT_CONVERSION = YES;
				GCC_WARN_ABOUT_RETURN_TYPE = YES_ERROR;
				GCC_WARN_UNDECLARED_SELECTOR = YES;
				GCC_WARN_UNINITIALIZED_AUTOS = YES_AGGRESSIVE;
				GCC_WARN_UNUSED_FUNCTION = YES;
				GCC_WARN_UNUSED_VARIABLE = YES;
				MACOSX_DEPLOYMENT_TARGET = 10.11;
				MTL_ENABLE_DEBUG_INFO = YES;
				ONLY_ACTIVE_ARCH = YES;
				SDKROOT = macosx;
				SWIFT_OPTIMIZATION_LEVEL = "-Onone";
			};
			name = Debug;
		};
		5F17C9621B7B09C9007A1D7F /* Release */ = {
			isa = XCBuildConfiguration;
			buildSettings = {
				ALWAYS_SEARCH_USER_PATHS = NO;
				CLANG_CXX_LANGUAGE_STANDARD = "gnu++0x";
				CLANG_CXX_LIBRARY = "libc++";
				CLANG_ENABLE_MODULES = YES;
				CLANG_ENABLE_OBJC_ARC = YES;
				CLANG_WARN_BOOL_CONVERSION = YES;
				CLANG_WARN_CONSTANT_CONVERSION = YES;
				CLANG_WARN_DIRECT_OBJC_ISA_USAGE = YES_ERROR;
				CLANG_WARN_EMPTY_BODY = YES;
				CLANG_WARN_ENUM_CONVERSION = YES;
				CLANG_WARN_INT_CONVERSION = YES;
				CLANG_WARN_OBJC_ROOT_CLASS = YES_ERROR;
				CLANG_WARN_UNREACHABLE_CODE = YES;
				CLANG_WARN__DUPLICATE_METHOD_MATCH = YES;
				CODE_SIGN_IDENTITY = "-";
				COPY_PHASE_STRIP = NO;
				DEBUG_INFORMATION_FORMAT = "dwarf-with-dsym";
				ENABLE_NS_ASSERTIONS = NO;
				ENABLE_STRICT_OBJC_MSGSEND = YES;
				GCC_C_LANGUAGE_STANDARD = gnu99;
				GCC_NO_COMMON_BLOCKS = YES;
				GCC_WARN_64_TO_32_BIT_CONVERSION = YES;
				GCC_WARN_ABOUT_RETURN_TYPE = YES_ERROR;
				GCC_WARN_UNDECLARED_SELECTOR = YES;
				GCC_WARN_UNINITIALIZED_AUTOS = YES_AGGRESSIVE;
				GCC_WARN_UNUSED_FUNCTION = YES;
				GCC_WARN_UNUSED_VARIABLE = YES;
				MACOSX_DEPLOYMENT_TARGET = 10.11;
				MTL_ENABLE_DEBUG_INFO = NO;
				SDKROOT = macosx;
			};
			name = Release;
		};
		5F17C9641B7B09C9007A1D7F /* Debug */ = {
			isa = XCBuildConfiguration;
			buildSettings = {
				ASSETCATALOG_COMPILER_APPICON_NAME = AppIcon;
				COMBINE_HIDPI_IMAGES = YES;
				INFOPLIST_FILE = BaseEmoji/Info.plist;
				LD_RUNPATH_SEARCH_PATHS = "$(inherited) @executable_path/../Frameworks";
				PRODUCT_BUNDLE_IDENTIFIER = com.nateparrott.BaseEmoji;
				PRODUCT_NAME = Emojicode;
			};
			name = Debug;
		};
		5F17C9651B7B09C9007A1D7F /* Release */ = {
			isa = XCBuildConfiguration;
			buildSettings = {
				ASSETCATALOG_COMPILER_APPICON_NAME = AppIcon;
				COMBINE_HIDPI_IMAGES = YES;
				INFOPLIST_FILE = BaseEmoji/Info.plist;
				LD_RUNPATH_SEARCH_PATHS = "$(inherited) @executable_path/../Frameworks";
				PRODUCT_BUNDLE_IDENTIFIER = com.nateparrott.BaseEmoji;
				PRODUCT_NAME = Emojicode;
			};
			name = Release;
		};
/* End XCBuildConfiguration section */

/* Begin XCConfigurationList section */
		5F17C9511B7B09C9007A1D7F /* Build configuration list for PBXProject "Emojicode" */ = {
			isa = XCConfigurationList;
			buildConfigurations = (
				5F17C9611B7B09C9007A1D7F /* Debug */,
				5F17C9621B7B09C9007A1D7F /* Release */,
			);
			defaultConfigurationIsVisible = 0;
			defaultConfigurationName = Release;
		};
		5F17C9631B7B09C9007A1D7F /* Build configuration list for PBXNativeTarget "Emojicode" */ = {
			isa = XCConfigurationList;
			buildConfigurations = (
				5F17C9641B7B09C9007A1D7F /* Debug */,
				5F17C9651B7B09C9007A1D7F /* Release */,
			);
			defaultConfigurationIsVisible = 0;
		};
/* End XCConfigurationList section */
	};
	rootObject = 5F17C94E1B7B09C9007A1D7F /* Project object */;
}
